// !$*UTF8*$!
{
	archiveVersion = 1;
	classes = {
	};
	objectVersion = 55;
	objects = {

/* Begin PBXBuildFile section */
		04B873E2280D971D00BC4A9D /* AppDelegate.swift in Sources */ = {isa = PBXBuildFile; fileRef = 04B873E1280D971D00BC4A9D /* AppDelegate.swift */; };
		04B873E4280D971D00BC4A9D /* SceneDelegate.swift in Sources */ = {isa = PBXBuildFile; fileRef = 04B873E3280D971D00BC4A9D /* SceneDelegate.swift */; };
		04B873EB280D972100BC4A9D /* Assets.xcassets in Resources */ = {isa = PBXBuildFile; fileRef = 04B873EA280D972100BC4A9D /* Assets.xcassets */; };
		04B873EE280D972100BC4A9D /* LaunchScreen.storyboard in Resources */ = {isa = PBXBuildFile; fileRef = 04B873EC280D972100BC4A9D /* LaunchScreen.storyboard */; };
		04B873F7280D977900BC4A9D /* Category.json in Resources */ = {isa = PBXBuildFile; fileRef = 04B873F6280D977900BC4A9D /* Category.json */; };
		04B873FA280D978F00BC4A9D /* HomeViewController.swift in Sources */ = {isa = PBXBuildFile; fileRef = 04B873F9280D978F00BC4A9D /* HomeViewController.swift */; };
		04B873FD280D97A700BC4A9D /* CategoryViewModel.swift in Sources */ = {isa = PBXBuildFile; fileRef = 04B873FC280D97A700BC4A9D /* CategoryViewModel.swift */; };
		04B87403280D97FC00BC4A9D /* Main.storyboard in Resources */ = {isa = PBXBuildFile; fileRef = 04B87402280D97FC00BC4A9D /* Main.storyboard */; };
		04B87408280D980500BC4A9D /* CategoryItemView.xib in Resources */ = {isa = PBXBuildFile; fileRef = 04B87404280D980400BC4A9D /* CategoryItemView.xib */; };
		04B87409280D980500BC4A9D /* CategoryItemView.swift in Sources */ = {isa = PBXBuildFile; fileRef = 04B87405280D980500BC4A9D /* CategoryItemView.swift */; };
		04B8740A280D980500BC4A9D /* CategoryHeaderView.xib in Resources */ = {isa = PBXBuildFile; fileRef = 04B87406280D980500BC4A9D /* CategoryHeaderView.xib */; };
		04B8740B280D980500BC4A9D /* CategoryHeaderView.swift in Sources */ = {isa = PBXBuildFile; fileRef = 04B87407280D980500BC4A9D /* CategoryHeaderView.swift */; };
		04B8740D280D980D00BC4A9D /* CategoryModel.swift in Sources */ = {isa = PBXBuildFile; fileRef = 04B8740C280D980D00BC4A9D /* CategoryModel.swift */; };
		04B8740F280D993A00BC4A9D /* DataClass.swift in Sources */ = {isa = PBXBuildFile; fileRef = 04B8740E280D993A00BC4A9D /* DataClass.swift */; };
/* End PBXBuildFile section */

/* Begin PBXFileReference section */
		04B873DE280D971D00BC4A9D /* Prectical_demo.app */ = {isa = PBXFileReference; explicitFileType = wrapper.application; includeInIndex = 0; path = Prectical_demo.app; sourceTree = BUILT_PRODUCTS_DIR; };
		04B873E1280D971D00BC4A9D /* AppDelegate.swift */ = {isa = PBXFileReference; lastKnownFileType = sourcecode.swift; path = AppDelegate.swift; sourceTree = "<group>"; };
		04B873E3280D971D00BC4A9D /* SceneDelegate.swift */ = {isa = PBXFileReference; lastKnownFileType = sourcecode.swift; path = SceneDelegate.swift; sourceTree = "<group>"; };
		04B873EA280D972100BC4A9D /* Assets.xcassets */ = {isa = PBXFileReference; lastKnownFileType = folder.assetcatalog; path = Assets.xcassets; sourceTree = "<group>"; };
		04B873ED280D972100BC4A9D /* Base */ = {isa = PBXFileReference; lastKnownFileType = file.storyboard; name = Base; path = Base.lproj/LaunchScreen.storyboard; sourceTree = "<group>"; };
		04B873EF280D972100BC4A9D /* Info.plist */ = {isa = PBXFileReference; lastKnownFileType = text.plist.xml; path = Info.plist; sourceTree = "<group>"; };
		04B873F6280D977900BC4A9D /* Category.json */ = {isa = PBXFileReference; fileEncoding = 4; lastKnownFileType = text.json; path = Category.json; sourceTree = "<group>"; };
		04B873F9280D978F00BC4A9D /* HomeViewController.swift */ = {isa = PBXFileReference; fileEncoding = 4; lastKnownFileType = sourcecode.swift; path = HomeViewController.swift; sourceTree = "<group>"; };
		04B873FC280D97A700BC4A9D /* CategoryViewModel.swift */ = {isa = PBXFileReference; fileEncoding = 4; lastKnownFileType = sourcecode.swift; path = CategoryViewModel.swift; sourceTree = "<group>"; };
		04B87402280D97FC00BC4A9D /* Main.storyboard */ = {isa = PBXFileReference; fileEncoding = 4; lastKnownFileType = file.storyboard; path = Main.storyboard; sourceTree = "<group>"; };
		04B87404280D980400BC4A9D /* CategoryItemView.xib */ = {isa = PBXFileReference; fileEncoding = 4; lastKnownFileType = file.xib; path = CategoryItemView.xib; sourceTree = "<group>"; };
		04B87405280D980500BC4A9D /* CategoryItemView.swift */ = {isa = PBXFileReference; fileEncoding = 4; lastKnownFileType = sourcecode.swift; path = CategoryItemView.swift; sourceTree = "<group>"; };
		04B87406280D980500BC4A9D /* CategoryHeaderView.xib */ = {isa = PBXFileReference; fileEncoding = 4; lastKnownFileType = file.xib; path = CategoryHeaderView.xib; sourceTree = "<group>"; };
		04B87407280D980500BC4A9D /* CategoryHeaderView.swift */ = {isa = PBXFileReference; fileEncoding = 4; lastKnownFileType = sourcecode.swift; path = CategoryHeaderView.swift; sourceTree = "<group>"; };
		04B8740C280D980D00BC4A9D /* CategoryModel.swift */ = {isa = PBXFileReference; fileEncoding = 4; lastKnownFileType = sourcecode.swift; path = CategoryModel.swift; sourceTree = "<group>"; };
		04B8740E280D993A00BC4A9D /* DataClass.swift */ = {isa = PBXFileReference; fileEncoding = 4; lastKnownFileType = sourcecode.swift; path = DataClass.swift; sourceTree = "<group>"; };
/* End PBXFileReference section */

/* Begin PBXFrameworksBuildPhase section */
		04B873DB280D971D00BC4A9D /* Frameworks */ = {
			isa = PBXFrameworksBuildPhase;
			buildActionMask = 2147483647;
			files = (
			);
			runOnlyForDeploymentPostprocessing = 0;
		};
/* End PBXFrameworksBuildPhase section */

/* Begin PBXGroup section */
		04B873D5280D971D00BC4A9D = {
			isa = PBXGroup;
			children = (
				04B873E0280D971D00BC4A9D /* Prectical_demo */,
				04B873DF280D971D00BC4A9D /* Products */,
			);
			sourceTree = "<group>";
		};
		04B873DF280D971D00BC4A9D /* Products */ = {
			isa = PBXGroup;
			children = (
				04B873DE280D971D00BC4A9D /* Prectical_demo.app */,
			);
			name = Products;
			sourceTree = "<group>";
		};
		04B873E0280D971D00BC4A9D /* Prectical_demo */ = {
			isa = PBXGroup;
			children = (
				04B873EF280D972100BC4A9D /* Info.plist */,
				04B87416280D9A6100BC4A9D /* Misc */,
				04B873FF280D97B400BC4A9D /* View */,
				04B873FE280D97AE00BC4A9D /* Model */,
				04B873FB280D979700BC4A9D /* ViewModel */,
				04B873F8280D978200BC4A9D /* Controller */,
				04B873F5280D975200BC4A9D /* Resources */,
			);
			path = Prectical_demo;
			sourceTree = "<group>";
		};
		04B873F5280D975200BC4A9D /* Resources */ = {
			isa = PBXGroup;
			children = (
				04B873EA280D972100BC4A9D /* Assets.xcassets */,
				04B873F6280D977900BC4A9D /* Category.json */,
			);
			path = Resources;
			sourceTree = "<group>";
		};
		04B873F8280D978200BC4A9D /* Controller */ = {
			isa = PBXGroup;
			children = (
				04B873F9280D978F00BC4A9D /* HomeViewController.swift */,
			);
			path = Controller;
			sourceTree = "<group>";
		};
		04B873FB280D979700BC4A9D /* ViewModel */ = {
			isa = PBXGroup;
			children = (
				04B873FC280D97A700BC4A9D /* CategoryViewModel.swift */,
			);
			path = ViewModel;
			sourceTree = "<group>";
		};
		04B873FE280D97AE00BC4A9D /* Model */ = {
			isa = PBXGroup;
			children = (
				04B8740E280D993A00BC4A9D /* DataClass.swift */,
				04B8740C280D980D00BC4A9D /* CategoryModel.swift */,
			);
			path = Model;
			sourceTree = "<group>";
		};
		04B873FF280D97B400BC4A9D /* View */ = {
			isa = PBXGroup;
			children = (
				04B87401280D97D200BC4A9D /* TableViewCells */,
				04B87400280D97C900BC4A9D /* StoryBoard */,
			);
			path = View;
			sourceTree = "<group>";
		};
		04B87400280D97C900BC4A9D /* StoryBoard */ = {
			isa = PBXGroup;
			children = (
				04B87402280D97FC00BC4A9D /* Main.storyboard */,
			);
			path = StoryBoard;
			sourceTree = "<group>";
		};
		04B87401280D97D200BC4A9D /* TableViewCells */ = {
			isa = PBXGroup;
			children = (
				04B87407280D980500BC4A9D /* CategoryHeaderView.swift */,
				04B87406280D980500BC4A9D /* CategoryHeaderView.xib */,
				04B87405280D980500BC4A9D /* CategoryItemView.swift */,
				04B87404280D980400BC4A9D /* CategoryItemView.xib */,
			);
			path = TableViewCells;
			sourceTree = "<group>";
		};
		04B87416280D9A6100BC4A9D /* Misc */ = {
			isa = PBXGroup;
			children = (
				04B873E1280D971D00BC4A9D /* AppDelegate.swift */,
				04B873EC280D972100BC4A9D /* LaunchScreen.storyboard */,
				04B873E3280D971D00BC4A9D /* SceneDelegate.swift */,
			);
			path = Misc;
			sourceTree = "<group>";
		};
/* End PBXGroup section */

/* Begin PBXNativeTarget section */
		04B873DD280D971D00BC4A9D /* Prectical_demo */ = {
			isa = PBXNativeTarget;
			buildConfigurationList = 04B873F2280D972100BC4A9D /* Build configuration list for PBXNativeTarget "Prectical_demo" */;
			buildPhases = (
				04B873DA280D971D00BC4A9D /* Sources */,
				04B873DB280D971D00BC4A9D /* Frameworks */,
				04B873DC280D971D00BC4A9D /* Resources */,
			);
			buildRules = (
			);
			dependencies = (
			);
			name = Prectical_demo;
			packageProductDependencies = (
			);
			productName = Prectical_demo;
			productReference = 04B873DE280D971D00BC4A9D /* Prectical_demo.app */;
			productType = "com.apple.product-type.application";
		};
/* End PBXNativeTarget section */

/* Begin PBXProject section */
		04B873D6280D971D00BC4A9D /* Project object */ = {
			isa = PBXProject;
			attributes = {
				BuildIndependentTargetsInParallel = 1;
				LastSwiftUpdateCheck = 1320;
				LastUpgradeCheck = 1320;
				TargetAttributes = {
					04B873DD280D971D00BC4A9D = {
						CreatedOnToolsVersion = 13.2.1;
					};
				};
			};
			buildConfigurationList = 04B873D9280D971D00BC4A9D /* Build configuration list for PBXProject "Prectical_demo" */;
			compatibilityVersion = "Xcode 13.0";
			developmentRegion = en;
			hasScannedForEncodings = 0;
			knownRegions = (
				en,
				Base,
			);
			mainGroup = 04B873D5280D971D00BC4A9D;
			packageReferences = (
			);
			productRefGroup = 04B873DF280D971D00BC4A9D /* Products */;
			projectDirPath = "";
			projectRoot = "";
			targets = (
				04B873DD280D971D00BC4A9D /* Prectical_demo */,
			);
		};
/* End PBXProject section */

/* Begin PBXResourcesBuildPhase section */
		04B873DC280D971D00BC4A9D /* Resources */ = {
			isa = PBXResourcesBuildPhase;
			buildActionMask = 2147483647;
			files = (
				04B873EE280D972100BC4A9D /* LaunchScreen.storyboard in Resources */,
				04B87403280D97FC00BC4A9D /* Main.storyboard in Resources */,
				04B873EB280D972100BC4A9D /* Assets.xcassets in Resources */,
				04B8740A280D980500BC4A9D /* CategoryHeaderView.xib in Resources */,
				04B87408280D980500BC4A9D /* CategoryItemView.xib in Resources */,
				04B873F7280D977900BC4A9D /* Category.json in Resources */,
			);
			runOnlyForDeploymentPostprocessing = 0;
		};
/* End PBXResourcesBuildPhase section */

/* Begin PBXSourcesBuildPhase section */
		04B873DA280D971D00BC4A9D /* Sources */ = {
			isa = PBXSourcesBuildPhase;
			buildActionMask = 2147483647;
			files = (
				04B8740B280D980500BC4A9D /* CategoryHeaderView.swift in Sources */,
				04B8740F280D993A00BC4A9D /* DataClass.swift in Sources */,
				04B873E2280D971D00BC4A9D /* AppDelegate.swift in Sources */,
				04B873FD280D97A700BC4A9D /* CategoryViewModel.swift in Sources */,
				04B87409280D980500BC4A9D /* CategoryItemView.swift in Sources */,
				04B8740D280D980D00BC4A9D /* CategoryModel.swift in Sources */,
				04B873E4280D971D00BC4A9D /* SceneDelegate.swift in Sources */,
				04B873FA280D978F00BC4A9D /* HomeViewController.swift in Sources */,
			);
			runOnlyForDeploymentPostprocessing = 0;
		};
/* End PBXSourcesBuildPhase section */

/* Begin PBXVariantGroup section */
		04B873EC280D972100BC4A9D /* LaunchScreen.storyboard */ = {
			isa = PBXVariantGroup;
			children = (
				04B873ED280D972100BC4A9D /* Base */,
			);
			name = LaunchScreen.storyboard;
			sourceTree = "<group>";
		};
/* End PBXVariantGroup section */

/* Begin XCBuildConfiguration section */
		04B873F0280D972100BC4A9D /* Debug */ = {
			isa = XCBuildConfiguration;
			buildSettings = {
				ALWAYS_SEARCH_USER_PATHS = NO;
				CLANG_ANALYZER_NONNULL = YES;
				CLANG_ANALYZER_NUMBER_OBJECT_CONVERSION = YES_AGGRESSIVE;
				CLANG_CXX_LANGUAGE_STANDARD = "gnu++17";
				CLANG_CXX_LIBRARY = "libc++";
				CLANG_ENABLE_MODULES = YES;
				CLANG_ENABLE_OBJC_ARC = YES;
				CLANG_ENABLE_OBJC_WEAK = YES;
				CLANG_WARN_BLOCK_CAPTURE_AUTORELEASING = YES;
				CLANG_WARN_BOOL_CONVERSION = YES;
				CLANG_WARN_COMMA = YES;
				CLANG_WARN_CONSTANT_CONVERSION = YES;
				CLANG_WARN_DEPRECATED_OBJC_IMPLEMENTATIONS = YES;
				CLANG_WARN_DIRECT_OBJC_ISA_USAGE = YES_ERROR;
				CLANG_WARN_DOCUMENTATION_COMMENTS = YES;
				CLANG_WARN_EMPTY_BODY = YES;
				CLANG_WARN_ENUM_CONVERSION = YES;
				CLANG_WARN_INFINITE_RECURSION = YES;
				CLANG_WARN_INT_CONVERSION = YES;
				CLANG_WARN_NON_LITERAL_NULL_CONVERSION = YES;
				CLANG_WARN_OBJC_IMPLICIT_RETAIN_SELF = YES;
				CLANG_WARN_OBJC_LITERAL_CONVERSION = YES;
				CLANG_WARN_OBJC_ROOT_CLASS = YES_ERROR;
				CLANG_WARN_QUOTED_INCLUDE_IN_FRAMEWORK_HEADER = YES;
				CLANG_WARN_RANGE_LOOP_ANALYSIS = YES;
				CLANG_WARN_STRICT_PROTOTYPES = YES;
				CLANG_WARN_SUSPICIOUS_MOVE = YES;
				CLANG_WARN_UNGUARDED_AVAILABILITY = YES_AGGRESSIVE;
				CLANG_WARN_UNREACHABLE_CODE = YES;
				CLANG_WARN__DUPLICATE_METHOD_MATCH = YES;
				COPY_PHASE_STRIP = NO;
				DEBUG_INFORMATION_FORMAT = dwarf;
				ENABLE_STRICT_OBJC_MSGSEND = YES;
				ENABLE_TESTABILITY = YES;
				GCC_C_LANGUAGE_STANDARD = gnu11;
				GCC_DYNAMIC_NO_PIC = NO;
				GCC_NO_COMMON_BLOCKS = YES;
				GCC_OPTIMIZATION_LEVEL = 0;
				GCC_PREPROCESSOR_DEFINITIONS = (
					"DEBUG=1",
					"$(inherited)",
				);
				GCC_WARN_64_TO_32_BIT_CONVERSION = YES;
				GCC_WARN_ABOUT_RETURN_TYPE = YES_ERROR;
				GCC_WARN_UNDECLARED_SELECTOR = YES;
				GCC_WARN_UNINITIALIZED_AUTOS = YES_AGGRESSIVE;
				GCC_WARN_UNUSED_FUNCTION = YES;
				GCC_WARN_UNUSED_VARIABLE = YES;
				IPHONEOS_DEPLOYMENT_TARGET = 15.2;
				MTL_ENABLE_DEBUG_INFO = INCLUDE_SOURCE;
				MTL_FAST_MATH = YES;
				ONLY_ACTIVE_ARCH = YES;
				SDKROOT = iphoneos;
				SWIFT_ACTIVE_COMPILATION_CONDITIONS = DEBUG;
				SWIFT_OPTIMIZATION_LEVEL = "-Onone";
			};
			name = Debug;
		};
		04B873F1280D972100BC4A9D /* Release */ = {
			isa = XCBuildConfiguration;
			buildSettings = {
				ALWAYS_SEARCH_USER_PATHS = NO;
				CLANG_ANALYZER_NONNULL = YES;
				CLANG_ANALYZER_NUMBER_OBJECT_CONVERSION = YES_AGGRESSIVE;
				CLANG_CXX_LANGUAGE_STANDARD = "gnu++17";
				CLANG_CXX_LIBRARY = "libc++";
				CLANG_ENABLE_MODULES = YES;
				CLANG_ENABLE_OBJC_ARC = YES;
				CLANG_ENABLE_OBJC_WEAK = YES;
				CLANG_WARN_BLOCK_CAPTURE_AUTORELEASING = YES;
				CLANG_WARN_BOOL_CONVERSION = YES;
				CLANG_WARN_COMMA = YES;
				CLANG_WARN_CONSTANT_CONVERSION = YES;
				CLANG_WARN_DEPRECATED_OBJC_IMPLEMENTATIONS = YES;
				CLANG_WARN_DIRECT_OBJC_ISA_USAGE = YES_ERROR;
				CLANG_WARN_DOCUMENTATION_COMMENTS = YES;
				CLANG_WARN_EMPTY_BODY = YES;
				CLANG_WARN_ENUM_CONVERSION = YES;
				CLANG_WARN_INFINITE_RECURSION = YES;
				CLANG_WARN_INT_CONVERSION = YES;
				CLANG_WARN_NON_LITERAL_NULL_CONVERSION = YES;
				CLANG_WARN_OBJC_IMPLICIT_RETAIN_SELF = YES;
				CLANG_WARN_OBJC_LITERAL_CONVERSION = YES;
				CLANG_WARN_OBJC_ROOT_CLASS = YES_ERROR;
				CLANG_WARN_QUOTED_INCLUDE_IN_FRAMEWORK_HEADER = YES;
				CLANG_WARN_RANGE_LOOP_ANALYSIS = YES;
				CLANG_WARN_STRICT_PROTOTYPES = YES;
				CLANG_WARN_SUSPICIOUS_MOVE = YES;
				CLANG_WARN_UNGUARDED_AVAILABILITY = YES_AGGRESSIVE;
				CLANG_WARN_UNREACHABLE_CODE = YES;
				CLANG_WARN__DUPLICATE_METHOD_MATCH = YES;
				COPY_PHASE_STRIP = NO;
				DEBUG_INFORMATION_FORMAT = "dwarf-with-dsym";
				ENABLE_NS_ASSERTIONS = NO;
				ENABLE_STRICT_OBJC_MSGSEND = YES;
				GCC_C_LANGUAGE_STANDARD = gnu11;
				GCC_NO_COMMON_BLOCKS = YES;
				GCC_WARN_64_TO_32_BIT_CONVERSION = YES;
				GCC_WARN_ABOUT_RETURN_TYPE = YES_ERROR;
				GCC_WARN_UNDECLARED_SELECTOR = YES;
				GCC_WARN_UNINITIALIZED_AUTOS = YES_AGGRESSIVE;
				GCC_WARN_UNUSED_FUNCTION = YES;
				GCC_WARN_UNUSED_VARIABLE = YES;
				IPHONEOS_DEPLOYMENT_TARGET = 15.2;
				MTL_ENABLE_DEBUG_INFO = NO;
				MTL_FAST_MATH = YES;
				SDKROOT = iphoneos;
				SWIFT_COMPILATION_MODE = wholemodule;
				SWIFT_OPTIMIZATION_LEVEL = "-O";
				VALIDATE_PRODUCT = YES;
			};
			name = Release;
		};
		04B873F3280D972100BC4A9D /* Debug */ = {
			isa = XCBuildConfiguration;
			buildSettings = {
				ASSETCATALOG_COMPILER_APPICON_NAME = AppIcon;
				ASSETCATALOG_COMPILER_GLOBAL_ACCENT_COLOR_NAME = AccentColor;
				CODE_SIGN_STYLE = Automatic;
				CURRENT_PROJECT_VERSION = 1;
				GENERATE_INFOPLIST_FILE = YES;
				INFOPLIST_FILE = Prectical_demo/Info.plist;
				INFOPLIST_KEY_UIApplicationSupportsIndirectInputEvents = YES;
				INFOPLIST_KEY_UILaunchStoryboardName = LaunchScreen;
				INFOPLIST_KEY_UIMainStoryboardFile = Main;
				INFOPLIST_KEY_UISupportedInterfaceOrientations_iPad = "UIInterfaceOrientationPortrait UIInterfaceOrientationPortraitUpsideDown UIInterfaceOrientationLandscapeLeft UIInterfaceOrientationLandscapeRight";
				INFOPLIST_KEY_UISupportedInterfaceOrientations_iPhone = "UIInterfaceOrientationPortrait UIInterfaceOrientationLandscapeLeft UIInterfaceOrientationLandscapeRight";
				LD_RUNPATH_SEARCH_PATHS = (
					"$(inherited)",
					"@executable_path/Frameworks",
				);
				MARKETING_VERSION = 1.0;
				PRODUCT_BUNDLE_IDENTIFIER = "com.test.com.Prectical-demo";
				PRODUCT_NAME = "$(TARGET_NAME)";
				SWIFT_EMIT_LOC_STRINGS = YES;
				SWIFT_VERSION = 5.0;
				TARGETED_DEVICE_FAMILY = "1,2";
			};
			name = Debug;
		};
		04B873F4280D972100BC4A9D /* Release */ = {
			isa = XCBuildConfiguration;
			buildSettings = {
				ASSETCATALOG_COMPILER_APPICON_NAME = AppIcon;
				ASSETCATALOG_COMPILER_GLOBAL_ACCENT_COLOR_NAME = AccentColor;
				CODE_SIGN_STYLE = Automatic;
				CURRENT_PROJECT_VERSION = 1;
				GENERATE_INFOPLIST_FILE = YES;
				INFOPLIST_FILE = Prectical_demo/Info.plist;
				INFOPLIST_KEY_UIApplicationSupportsIndirectInputEvents = YES;
				INFOPLIST_KEY_UILaunchStoryboardName = LaunchScreen;
				INFOPLIST_KEY_UIMainStoryboardFile = Main;
				INFOPLIST_KEY_UISupportedInterfaceOrientations_iPad = "UIInterfaceOrientationPortrait UIInterfaceOrientationPortraitUpsideDown UIInterfaceOrientationLandscapeLeft UIInterfaceOrientationLandscapeRight";
				INFOPLIST_KEY_UISupportedInterfaceOrientations_iPhone = "UIInterfaceOrientationPortrait UIInterfaceOrientationLandscapeLeft UIInterfaceOrientationLandscapeRight";
				LD_RUNPATH_SEARCH_PATHS = (
					"$(inherited)",
					"@executable_path/Frameworks",
				);
				MARKETING_VERSION = 1.0;
				PRODUCT_BUNDLE_IDENTIFIER = "com.test.com.Prectical-demo";
				PRODUCT_NAME = "$(TARGET_NAME)";
				SWIFT_EMIT_LOC_STRINGS = YES;
				SWIFT_VERSION = 5.0;
				TARGETED_DEVICE_FAMILY = "1,2";
			};
			name = Release;
		};
/* End XCBuildConfiguration section */

/* Begin XCConfigurationList section */
		04B873D9280D971D00BC4A9D /* Build configuration list for PBXProject "Prectical_demo" */ = {
			isa = XCConfigurationList;
			buildConfigurations = (
				04B873F0280D972100BC4A9D /* Debug */,
				04B873F1280D972100BC4A9D /* Release */,
			);
			defaultConfigurationIsVisible = 0;
			defaultConfigurationName = Release;
		};
		04B873F2280D972100BC4A9D /* Build configuration list for PBXNativeTarget "Prectical_demo" */ = {
			isa = XCConfigurationList;
			buildConfigurations = (
				04B873F3280D972100BC4A9D /* Debug */,
				04B873F4280D972100BC4A9D /* Release */,
			);
			defaultConfigurationIsVisible = 0;
			defaultConfigurationName = Release;
		};
/* End XCConfigurationList section */
	};
	rootObject = 04B873D6280D971D00BC4A9D /* Project object */;
}
